
Microsoft Visual Studio Solution File, Format Version 12.00
# Visual Studio Version 16
VisualStudioVersion = 16.0.30717.126
MinimumVisualStudioVersion = 10.0.40219.1
Project("{FAE04EC0-301F-11D3-BF4B-00C04F79EFBC}") = "Calculator", "Calculator\Calculator.csproj", "{7B4A906A-10ED-4914-9D82-FD430435019C}"
EndProject
Global
	GlobalSection(SolutionConfigurationPlatforms) = preSolution
		Debug|Any CPU = Debug|Any CPU
		Release|Any CPU = Release|Any CPU
	EndGlobalSection
	GlobalSection(ProjectConfigurationPlatforms) = postSolution
		{7B4A906A-10ED-4914-9D82-FD430435019C}.Debug|Any CPU.ActiveCfg = Debug|Any CPU
		{7B4A906A-10ED-4914-9D82-FD430435019C}.Debug|Any CPU.Build.0 = Debug|Any CPU
		{7B4A906A-10ED-4914-9D82-FD430435019C}.Release|Any CPU.ActiveCfg = Release|Any CPU
		{7B4A906A-10ED-4914-9D82-FD430435019C}.Release|Any CPU.Build.0 = Release|Any CPU
	EndGlobalSection
	GlobalSection(SolutionProperties) = preSolution
		HideSolutionNode = FALSE
	EndGlobalSection
	GlobalSection(ExtensibilityGlobals) = postSolution
		SolutionGuid = {E903B0CC-7AE8-4A0D-BAD8-E965C02291CA}
	EndGlobalSection
EndGlobal
